
Microsoft Visual Studio Solution File, Format Version 12.00
# Visual Studio Version 17
VisualStudioVersion = 17.4.33205.214
MinimumVisualStudioVersion = 10.0.40219.1
Project("{FAE04EC0-301F-11D3-BF4B-00C04F79EFBC}") = "SE_FinalProject", "SE_FinalProject\SE_FinalProject.csproj", "{AD4973BA-0AEF-4CE0-B89B-883D93F14318}"
EndProject
Global
	GlobalSection(SolutionConfigurationPlatforms) = preSolution
		Debug|Any CPU = Debug|Any CPU
		Release|Any CPU = Release|Any CPU
	EndGlobalSection
	GlobalSection(ProjectConfigurationPlatforms) = postSolution
		{AD4973BA-0AEF-4CE0-B89B-883D93F14318}.Debug|Any CPU.ActiveCfg = Debug|Any CPU
		{AD4973BA-0AEF-4CE0-B89B-883D93F14318}.Debug|Any CPU.Build.0 = Debug|Any CPU
		{AD4973BA-0AEF-4CE0-B89B-883D93F14318}.Release|Any CPU.ActiveCfg = Release|Any CPU
		{AD4973BA-0AEF-4CE0-B89B-883D93F14318}.Release|Any CPU.Build.0 = Release|Any CPU
	EndGlobalSection
	GlobalSection(SolutionProperties) = preSolution
		HideSolutionNode = FALSE
	EndGlobalSection
	GlobalSection(ExtensibilityGlobals) = postSolution
		SolutionGuid = {8303B95C-CA0F-4140-AE47-79BBC9BBADB2}
	EndGlobalSection
EndGlobal
